
Microsoft Visual Studio Solution File, Format Version 12.00
# Visual Studio 15
VisualStudioVersion = 15.0.28307.168
MinimumVisualStudioVersion = 10.0.40219.1
Project("{FAE04EC0-301F-11D3-BF4B-00C04F79EFBC}") = "SpeedLimitZoneApp", "SpeedLimitZoneApp\SpeedLimitZoneApp.csproj", "{B90FCE9C-6D66-47CB-BC85-B9BB9DB8568A}"
EndProject
Global
	GlobalSection(SolutionConfigurationPlatforms) = preSolution
		Debug|Any CPU = Debug|Any CPU
		Release|Any CPU = Release|Any CPU
	EndGlobalSection
	GlobalSection(ProjectConfigurationPlatforms) = postSolution
		{B90FCE9C-6D66-47CB-BC85-B9BB9DB8568A}.Debug|Any CPU.ActiveCfg = Debug|Any CPU
		{B90FCE9C-6D66-47CB-BC85-B9BB9DB8568A}.Debug|Any CPU.Build.0 = Debug|Any CPU
		{B90FCE9C-6D66-47CB-BC85-B9BB9DB8568A}.Release|Any CPU.ActiveCfg = Release|Any CPU
		{B90FCE9C-6D66-47CB-BC85-B9BB9DB8568A}.Release|Any CPU.Build.0 = Release|Any CPU
	EndGlobalSection
	GlobalSection(SolutionProperties) = preSolution
		HideSolutionNode = FALSE
	EndGlobalSection
	GlobalSection(ExtensibilityGlobals) = postSolution
		SolutionGuid = {FE112FA0-074D-40B6-A358-6FC6FAE5F5E7}
	EndGlobalSection
EndGlobal
